
Microsoft Visual Studio Solution File, Format Version 12.00
# Visual Studio Version 17
VisualStudioVersion = 17.7.34031.279
MinimumVisualStudioVersion = 10.0.40219.1
Project("{FAE04EC0-301F-11D3-BF4B-00C04F79EFBC}") = "PasswordGenerator", "PasswordGenerator\PasswordGenerator.csproj", "{A1DF0B4D-357D-4861-99F2-BBFFAABEBE4D}"
EndProject
Global
	GlobalSection(SolutionConfigurationPlatforms) = preSolution
		Debug|Any CPU = Debug|Any CPU
		Release|Any CPU = Release|Any CPU
	EndGlobalSection
	GlobalSection(ProjectConfigurationPlatforms) = postSolution
		{A1DF0B4D-357D-4861-99F2-BBFFAABEBE4D}.Debug|Any CPU.ActiveCfg = Debug|Any CPU
		{A1DF0B4D-357D-4861-99F2-BBFFAABEBE4D}.Debug|Any CPU.Build.0 = Debug|Any CPU
		{A1DF0B4D-357D-4861-99F2-BBFFAABEBE4D}.Release|Any CPU.ActiveCfg = Release|Any CPU
		{A1DF0B4D-357D-4861-99F2-BBFFAABEBE4D}.Release|Any CPU.Build.0 = Release|Any CPU
	EndGlobalSection
	GlobalSection(SolutionProperties) = preSolution
		HideSolutionNode = FALSE
	EndGlobalSection
	GlobalSection(ExtensibilityGlobals) = postSolution
		SolutionGuid = {9639AD75-8646-4BF5-B364-66A7676D8328}
	EndGlobalSection
EndGlobal
